
Microsoft Visual Studio Solution File, Format Version 12.00
# Visual Studio Version 16
VisualStudioVersion = 16.0.30114.105
MinimumVisualStudioVersion = 10.0.40219.1
Project("{FAE04EC0-301F-11D3-BF4B-00C04F79EFBC}") = "AlgoritmoDiscretizacion", "AlgoritmoDiscretizacion.csproj", "{F5439DED-6955-42A2-A976-702AD1677C48}"
EndProject
Global
	GlobalSection(SolutionConfigurationPlatforms) = preSolution
		Debug|Any CPU = Debug|Any CPU
		Release|Any CPU = Release|Any CPU
	EndGlobalSection
	GlobalSection(ProjectConfigurationPlatforms) = postSolution
		{F5439DED-6955-42A2-A976-702AD1677C48}.Debug|Any CPU.ActiveCfg = Debug|Any CPU
		{F5439DED-6955-42A2-A976-702AD1677C48}.Debug|Any CPU.Build.0 = Debug|Any CPU
		{F5439DED-6955-42A2-A976-702AD1677C48}.Release|Any CPU.ActiveCfg = Release|Any CPU
		{F5439DED-6955-42A2-A976-702AD1677C48}.Release|Any CPU.Build.0 = Release|Any CPU
	EndGlobalSection
	GlobalSection(SolutionProperties) = preSolution
		HideSolutionNode = FALSE
	EndGlobalSection
	GlobalSection(ExtensibilityGlobals) = postSolution
		SolutionGuid = {03A10408-639F-4F18-A9B2-1A3E23395A73}
	EndGlobalSection
EndGlobal
